// !$*UTF8*$!
{
	archiveVersion = 1;
	classes = {
	};
	objectVersion = 50;
	objects = {

/* Begin PBXBuildFile section */
		C0644021229D018C0058FEA3 /* AppDelegate.swift in Sources */ = {isa = PBXBuildFile; fileRef = C0644020229D018C0058FEA3 /* AppDelegate.swift */; };
		C0644023229D018C0058FEA3 /* ViewController.swift in Sources */ = {isa = PBXBuildFile; fileRef = C0644022229D018C0058FEA3 /* ViewController.swift */; };
		C0644026229D018C0058FEA3 /* Main.storyboard in Resources */ = {isa = PBXBuildFile; fileRef = C0644024229D018C0058FEA3 /* Main.storyboard */; };
		C0644028229D01900058FEA3 /* Assets.xcassets in Resources */ = {isa = PBXBuildFile; fileRef = C0644027229D01900058FEA3 /* Assets.xcassets */; };
		C064402B229D01900058FEA3 /* LaunchScreen.storyboard in Resources */ = {isa = PBXBuildFile; fileRef = C0644029229D01900058FEA3 /* LaunchScreen.storyboard */; };
		C08CBFF6229D856A00F63A64 /* GTEasyLayoutAdaptable.swift in Sources */ = {isa = PBXBuildFile; fileRef = C08CBFF4229D856A00F63A64 /* GTEasyLayoutAdaptable.swift */; };
		C08CBFF7229D856A00F63A64 /* GTEasyLayout.swift in Sources */ = {isa = PBXBuildFile; fileRef = C08CBFF5229D856A00F63A64 /* GTEasyLayout.swift */; };
/* End PBXBuildFile section */

/* Begin PBXCopyFilesBuildPhase section */
		C08CBFF2229D195400F63A64 /* Embed Frameworks */ = {
			isa = PBXCopyFilesBuildPhase;
			buildActionMask = 2147483647;
			dstPath = "";
			dstSubfolderSpec = 10;
			files = (
			);
			name = "Embed Frameworks";
			runOnlyForDeploymentPostprocessing = 0;
		};
/* End PBXCopyFilesBuildPhase section */

/* Begin PBXFileReference section */
		C064401D229D018C0058FEA3 /* GTEasyLayoutDemo.app */ = {isa = PBXFileReference; explicitFileType = wrapper.application; includeInIndex = 0; path = GTEasyLayoutDemo.app; sourceTree = BUILT_PRODUCTS_DIR; };
		C0644020229D018C0058FEA3 /* AppDelegate.swift */ = {isa = PBXFileReference; lastKnownFileType = sourcecode.swift; path = AppDelegate.swift; sourceTree = "<group>"; };
		C0644022229D018C0058FEA3 /* ViewController.swift */ = {isa = PBXFileReference; lastKnownFileType = sourcecode.swift; path = ViewController.swift; sourceTree = "<group>"; };
		C0644025229D018C0058FEA3 /* Base */ = {isa = PBXFileReference; lastKnownFileType = file.storyboard; name = Base; path = Base.lproj/Main.storyboard; sourceTree = "<group>"; };
		C0644027229D01900058FEA3 /* Assets.xcassets */ = {isa = PBXFileReference; lastKnownFileType = folder.assetcatalog; path = Assets.xcassets; sourceTree = "<group>"; };
		C064402A229D01900058FEA3 /* Base */ = {isa = PBXFileReference; lastKnownFileType = file.storyboard; name = Base; path = Base.lproj/LaunchScreen.storyboard; sourceTree = "<group>"; };
		C064402C229D01900058FEA3 /* Info.plist */ = {isa = PBXFileReference; lastKnownFileType = text.plist.xml; path = Info.plist; sourceTree = "<group>"; };
		C08CBFF4229D856A00F63A64 /* GTEasyLayoutAdaptable.swift */ = {isa = PBXFileReference; fileEncoding = 4; lastKnownFileType = sourcecode.swift; path = GTEasyLayoutAdaptable.swift; sourceTree = "<group>"; };
		C08CBFF5229D856A00F63A64 /* GTEasyLayout.swift */ = {isa = PBXFileReference; fileEncoding = 4; lastKnownFileType = sourcecode.swift; path = GTEasyLayout.swift; sourceTree = "<group>"; };
/* End PBXFileReference section */

/* Begin PBXFrameworksBuildPhase section */
		C064401A229D018C0058FEA3 /* Frameworks */ = {
			isa = PBXFrameworksBuildPhase;
			buildActionMask = 2147483647;
			files = (
			);
			runOnlyForDeploymentPostprocessing = 0;
		};
/* End PBXFrameworksBuildPhase section */

/* Begin PBXGroup section */
		C0644014229D018C0058FEA3 = {
			isa = PBXGroup;
			children = (
				C064401F229D018C0058FEA3 /* GTEasyLayoutDemo */,
				C064401E229D018C0058FEA3 /* Products */,
				C08CBFEC229D194D00F63A64 /* Frameworks */,
			);
			sourceTree = "<group>";
		};
		C064401E229D018C0058FEA3 /* Products */ = {
			isa = PBXGroup;
			children = (
				C064401D229D018C0058FEA3 /* GTEasyLayoutDemo.app */,
			);
			name = Products;
			sourceTree = "<group>";
		};
		C064401F229D018C0058FEA3 /* GTEasyLayoutDemo */ = {
			isa = PBXGroup;
			children = (
				C08CBFF3229D854C00F63A64 /* GTEasyLayout Source */,
				C0644020229D018C0058FEA3 /* AppDelegate.swift */,
				C0644022229D018C0058FEA3 /* ViewController.swift */,
				C0644024229D018C0058FEA3 /* Main.storyboard */,
				C0644027229D01900058FEA3 /* Assets.xcassets */,
				C0644029229D01900058FEA3 /* LaunchScreen.storyboard */,
				C064402C229D01900058FEA3 /* Info.plist */,
			);
			path = GTEasyLayoutDemo;
			sourceTree = "<group>";
		};
		C08CBFEC229D194D00F63A64 /* Frameworks */ = {
			isa = PBXGroup;
			children = (
			);
			name = Frameworks;
			sourceTree = "<group>";
		};
		C08CBFF3229D854C00F63A64 /* GTEasyLayout Source */ = {
			isa = PBXGroup;
			children = (
				C08CBFF5229D856A00F63A64 /* GTEasyLayout.swift */,
				C08CBFF4229D856A00F63A64 /* GTEasyLayoutAdaptable.swift */,
			);
			path = "GTEasyLayout Source";
			sourceTree = "<group>";
		};
/* End PBXGroup section */

/* Begin PBXNativeTarget section */
		C064401C229D018C0058FEA3 /* GTEasyLayoutDemo */ = {
			isa = PBXNativeTarget;
			buildConfigurationList = C064402F229D01900058FEA3 /* Build configuration list for PBXNativeTarget "GTEasyLayoutDemo" */;
			buildPhases = (
				C0644019229D018C0058FEA3 /* Sources */,
				C064401A229D018C0058FEA3 /* Frameworks */,
				C064401B229D018C0058FEA3 /* Resources */,
				C08CBFF2229D195400F63A64 /* Embed Frameworks */,
			);
			buildRules = (
			);
			dependencies = (
			);
			name = GTEasyLayoutDemo;
			productName = GTEasyLayoutDemo;
			productReference = C064401D229D018C0058FEA3 /* GTEasyLayoutDemo.app */;
			productType = "com.apple.product-type.application";
		};
/* End PBXNativeTarget section */

/* Begin PBXProject section */
		C0644015229D018C0058FEA3 /* Project object */ = {
			isa = PBXProject;
			attributes = {
				LastSwiftUpdateCheck = 1020;
				LastUpgradeCheck = 1020;
				ORGANIZATIONNAME = "Gabriel Theodoropoulos";
				TargetAttributes = {
					C064401C229D018C0058FEA3 = {
						CreatedOnToolsVersion = 10.2.1;
					};
				};
			};
			buildConfigurationList = C0644018229D018C0058FEA3 /* Build configuration list for PBXProject "GTEasyLayoutDemo" */;
			compatibilityVersion = "Xcode 9.3";
			developmentRegion = en;
			hasScannedForEncodings = 0;
			knownRegions = (
				en,
				Base,
			);
			mainGroup = C0644014229D018C0058FEA3;
			productRefGroup = C064401E229D018C0058FEA3 /* Products */;
			projectDirPath = "";
			projectRoot = "";
			targets = (
				C064401C229D018C0058FEA3 /* GTEasyLayoutDemo */,
			);
		};
/* End PBXProject section */

/* Begin PBXResourcesBuildPhase section */
		C064401B229D018C0058FEA3 /* Resources */ = {
			isa = PBXResourcesBuildPhase;
			buildActionMask = 2147483647;
			files = (
				C064402B229D01900058FEA3 /* LaunchScreen.storyboard in Resources */,
				C0644028229D01900058FEA3 /* Assets.xcassets in Resources */,
				C0644026229D018C0058FEA3 /* Main.storyboard in Resources */,
			);
			runOnlyForDeploymentPostprocessing = 0;
		};
/* End PBXResourcesBuildPhase section */

/* Begin PBXSourcesBuildPhase section */
		C0644019229D018C0058FEA3 /* Sources */ = {
			isa = PBXSourcesBuildPhase;
			buildActionMask = 2147483647;
			files = (
				C08CBFF7229D856A00F63A64 /* GTEasyLayout.swift in Sources */,
				C08CBFF6229D856A00F63A64 /* GTEasyLayoutAdaptable.swift in Sources */,
				C0644023229D018C0058FEA3 /* ViewController.swift in Sources */,
				C0644021229D018C0058FEA3 /* AppDelegate.swift in Sources */,
			);
			runOnlyForDeploymentPostprocessing = 0;
		};
/* End PBXSourcesBuildPhase section */

/* Begin PBXVariantGroup section */
		C0644024229D018C0058FEA3 /* Main.storyboard */ = {
			isa = PBXVariantGroup;
			children = (
				C0644025229D018C0058FEA3 /* Base */,
			);
			name = Main.storyboard;
			sourceTree = "<group>";
		};
		C0644029229D01900058FEA3 /* LaunchScreen.storyboard */ = {
			isa = PBXVariantGroup;
			children = (
				C064402A229D01900058FEA3 /* Base */,
			);
			name = LaunchScreen.storyboard;
			sourceTree = "<group>";
		};
/* End PBXVariantGroup section */

/* Begin XCBuildConfiguration section */
		C064402D229D01900058FEA3 /* Debug */ = {
			isa = XCBuildConfiguration;
			buildSettings = {
				ALWAYS_SEARCH_USER_PATHS = NO;
				CLANG_ANALYZER_NONNULL = YES;
				CLANG_ANALYZER_NUMBER_OBJECT_CONVERSION = YES_AGGRESSIVE;
				CLANG_CXX_LANGUAGE_STANDARD = "gnu++14";
				CLANG_CXX_LIBRARY = "libc++";
				CLANG_ENABLE_MODULES = YES;
				CLANG_ENABLE_OBJC_ARC = YES;
				CLANG_ENABLE_OBJC_WEAK = YES;
				CLANG_WARN_BLOCK_CAPTURE_AUTORELEASING = YES;
				CLANG_WARN_BOOL_CONVERSION = YES;
				CLANG_WARN_COMMA = YES;
				CLANG_WARN_CONSTANT_CONVERSION = YES;
				CLANG_WARN_DEPRECATED_OBJC_IMPLEMENTATIONS = YES;
				CLANG_WARN_DIRECT_OBJC_ISA_USAGE = YES_ERROR;
				CLANG_WARN_DOCUMENTATION_COMMENTS = YES;
				CLANG_WARN_EMPTY_BODY = YES;
				CLANG_WARN_ENUM_CONVERSION = YES;
				CLANG_WARN_INFINITE_RECURSION = YES;
				CLANG_WARN_INT_CONVERSION = YES;
				CLANG_WARN_NON_LITERAL_NULL_CONVERSION = YES;
				CLANG_WARN_OBJC_IMPLICIT_RETAIN_SELF = YES;
				CLANG_WARN_OBJC_LITERAL_CONVERSION = YES;
				CLANG_WARN_OBJC_ROOT_CLASS = YES_ERROR;
				CLANG_WARN_RANGE_LOOP_ANALYSIS = YES;
				CLANG_WARN_STRICT_PROTOTYPES = YES;
				CLANG_WARN_SUSPICIOUS_MOVE = YES;
				CLANG_WARN_UNGUARDED_AVAILABILITY = YES_AGGRESSIVE;
				CLANG_WARN_UNREACHABLE_CODE = YES;
				CLANG_WARN__DUPLICATE_METHOD_MATCH = YES;
				CODE_SIGN_IDENTITY = "iPhone Developer";
				COPY_PHASE_STRIP = NO;
				DEBUG_INFORMATION_FORMAT = dwarf;
				ENABLE_STRICT_OBJC_MSGSEND = YES;
				ENABLE_TESTABILITY = YES;
				GCC_C_LANGUAGE_STANDARD = gnu11;
				GCC_DYNAMIC_NO_PIC = NO;
				GCC_NO_COMMON_BLOCKS = YES;
				GCC_OPTIMIZATION_LEVEL = 0;
				GCC_PREPROCESSOR_DEFINITIONS = (
					"DEBUG=1",
					"$(inherited)",
				);
				GCC_WARN_64_TO_32_BIT_CONVERSION = YES;
				GCC_WARN_ABOUT_RETURN_TYPE = YES_ERROR;
				GCC_WARN_UNDECLARED_SELECTOR = YES;
				GCC_WARN_UNINITIALIZED_AUTOS = YES_AGGRESSIVE;
				GCC_WARN_UNUSED_FUNCTION = YES;
				GCC_WARN_UNUSED_VARIABLE = YES;
				IPHONEOS_DEPLOYMENT_TARGET = 12.2;
				MTL_ENABLE_DEBUG_INFO = INCLUDE_SOURCE;
				MTL_FAST_MATH = YES;
				ONLY_ACTIVE_ARCH = YES;
				SDKROOT = iphoneos;
				SWIFT_ACTIVE_COMPILATION_CONDITIONS = DEBUG;
				SWIFT_OPTIMIZATION_LEVEL = "-Onone";
			};
			name = Debug;
		};
		C064402E229D01900058FEA3 /* Release */ = {
			isa = XCBuildConfiguration;
			buildSettings = {
				ALWAYS_SEARCH_USER_PATHS = NO;
				CLANG_ANALYZER_NONNULL = YES;
				CLANG_ANALYZER_NUMBER_OBJECT_CONVERSION = YES_AGGRESSIVE;
				CLANG_CXX_LANGUAGE_STANDARD = "gnu++14";
				CLANG_CXX_LIBRARY = "libc++";
				CLANG_ENABLE_MODULES = YES;
				CLANG_ENABLE_OBJC_ARC = YES;
				CLANG_ENABLE_OBJC_WEAK = YES;
				CLANG_WARN_BLOCK_CAPTURE_AUTORELEASING = YES;
				CLANG_WARN_BOOL_CONVERSION = YES;
				CLANG_WARN_COMMA = YES;
				CLANG_WARN_CONSTANT_CONVERSION = YES;
				CLANG_WARN_DEPRECATED_OBJC_IMPLEMENTATIONS = YES;
				CLANG_WARN_DIRECT_OBJC_ISA_USAGE = YES_ERROR;
				CLANG_WARN_DOCUMENTATION_COMMENTS = YES;
				CLANG_WARN_EMPTY_BODY = YES;
				CLANG_WARN_ENUM_CONVERSION = YES;
				CLANG_WARN_INFINITE_RECURSION = YES;
				CLANG_WARN_INT_CONVERSION = YES;
				CLANG_WARN_NON_LITERAL_NULL_CONVERSION = YES;
				CLANG_WARN_OBJC_IMPLICIT_RETAIN_SELF = YES;
				CLANG_WARN_OBJC_LITERAL_CONVERSION = YES;
				CLANG_WARN_OBJC_ROOT_CLASS = YES_ERROR;
				CLANG_WARN_RANGE_LOOP_ANALYSIS = YES;
				CLANG_WARN_STRICT_PROTOTYPES = YES;
				CLANG_WARN_SUSPICIOUS_MOVE = YES;
				CLANG_WARN_UNGUARDED_AVAILABILITY = YES_AGGRESSIVE;
				CLANG_WARN_UNREACHABLE_CODE = YES;
				CLANG_WARN__DUPLICATE_METHOD_MATCH = YES;
				CODE_SIGN_IDENTITY = "iPhone Developer";
				COPY_PHASE_STRIP = NO;
				DEBUG_INFORMATION_FORMAT = "dwarf-with-dsym";
				ENABLE_NS_ASSERTIONS = NO;
				ENABLE_STRICT_OBJC_MSGSEND = YES;
				GCC_C_LANGUAGE_STANDARD = gnu11;
				GCC_NO_COMMON_BLOCKS = YES;
				GCC_WARN_64_TO_32_BIT_CONVERSION = YES;
				GCC_WARN_ABOUT_RETURN_TYPE = YES_ERROR;
				GCC_WARN_UNDECLARED_SELECTOR = YES;
				GCC_WARN_UNINITIALIZED_AUTOS = YES_AGGRESSIVE;
				GCC_WARN_UNUSED_FUNCTION = YES;
				GCC_WARN_UNUSED_VARIABLE = YES;
				IPHONEOS_DEPLOYMENT_TARGET = 12.2;
				MTL_ENABLE_DEBUG_INFO = NO;
				MTL_FAST_MATH = YES;
				SDKROOT = iphoneos;
				SWIFT_COMPILATION_MODE = wholemodule;
				SWIFT_OPTIMIZATION_LEVEL = "-O";
				VALIDATE_PRODUCT = YES;
			};
			name = Release;
		};
		C0644030229D01900058FEA3 /* Debug */ = {
			isa = XCBuildConfiguration;
			buildSettings = {
				ALWAYS_EMBED_SWIFT_STANDARD_LIBRARIES = YES;
				ASSETCATALOG_COMPILER_APPICON_NAME = AppIcon;
				CODE_SIGN_STYLE = Automatic;
				DEVELOPMENT_TEAM = 9BTCAVN99V;
				INFOPLIST_FILE = GTEasyLayoutDemo/Info.plist;
				LD_RUNPATH_SEARCH_PATHS = (
					"$(inherited)",
					"@executable_path/Frameworks",
				);
				PRODUCT_BUNDLE_IDENTIFIER = com.gabrieltheodoropoulos.GTEasyLayoutDemo;
				PRODUCT_NAME = "$(TARGET_NAME)";
				SWIFT_VERSION = 5.0;
				TARGETED_DEVICE_FAMILY = "1,2";
			};
			name = Debug;
		};
		C0644031229D01900058FEA3 /* Release */ = {
			isa = XCBuildConfiguration;
			buildSettings = {
				ALWAYS_EMBED_SWIFT_STANDARD_LIBRARIES = YES;
				ASSETCATALOG_COMPILER_APPICON_NAME = AppIcon;
				CODE_SIGN_STYLE = Automatic;
				DEVELOPMENT_TEAM = 9BTCAVN99V;
				INFOPLIST_FILE = GTEasyLayoutDemo/Info.plist;
				LD_RUNPATH_SEARCH_PATHS = (
					"$(inherited)",
					"@executable_path/Frameworks",
				);
				PRODUCT_BUNDLE_IDENTIFIER = com.gabrieltheodoropoulos.GTEasyLayoutDemo;
				PRODUCT_NAME = "$(TARGET_NAME)";
				SWIFT_VERSION = 5.0;
				TARGETED_DEVICE_FAMILY = "1,2";
			};
			name = Release;
		};
/* End XCBuildConfiguration section */

/* Begin XCConfigurationList section */
		C0644018229D018C0058FEA3 /* Build configuration list for PBXProject "GTEasyLayoutDemo" */ = {
			isa = XCConfigurationList;
			buildConfigurations = (
				C064402D229D01900058FEA3 /* Debug */,
				C064402E229D01900058FEA3 /* Release */,
			);
			defaultConfigurationIsVisible = 0;
			defaultConfigurationName = Release;
		};
		C064402F229D01900058FEA3 /* Build configuration list for PBXNativeTarget "GTEasyLayoutDemo" */ = {
			isa = XCConfigurationList;
			buildConfigurations = (
				C0644030229D01900058FEA3 /* Debug */,
				C0644031229D01900058FEA3 /* Release */,
			);
			defaultConfigurationIsVisible = 0;
			defaultConfigurationName = Release;
		};
/* End XCConfigurationList section */
	};
	rootObject = C0644015229D018C0058FEA3 /* Project object */;
}
